
Microsoft Visual Studio Solution File, Format Version 12.00
# Visual Studio 15
VisualStudioVersion = 15.0.28307.572
MinimumVisualStudioVersion = 10.0.40219.1
Project("{FAE04EC0-301F-11D3-BF4B-00C04F79EFBC}") = "krestiki", "krestiki\krestiki.csproj", "{B4C3558E-811A-47CB-BD51-663F85A722ED}"
EndProject
Global
	GlobalSection(SolutionConfigurationPlatforms) = preSolution
		Debug|Any CPU = Debug|Any CPU
		Release|Any CPU = Release|Any CPU
	EndGlobalSection
	GlobalSection(ProjectConfigurationPlatforms) = postSolution
		{B4C3558E-811A-47CB-BD51-663F85A722ED}.Debug|Any CPU.ActiveCfg = Debug|Any CPU
		{B4C3558E-811A-47CB-BD51-663F85A722ED}.Debug|Any CPU.Build.0 = Debug|Any CPU
		{B4C3558E-811A-47CB-BD51-663F85A722ED}.Release|Any CPU.ActiveCfg = Release|Any CPU
		{B4C3558E-811A-47CB-BD51-663F85A722ED}.Release|Any CPU.Build.0 = Release|Any CPU
	EndGlobalSection
	GlobalSection(SolutionProperties) = preSolution
		HideSolutionNode = FALSE
	EndGlobalSection
	GlobalSection(ExtensibilityGlobals) = postSolution
		SolutionGuid = {2B0F0899-73ED-4CB9-9487-3C727E411440}
	EndGlobalSection
EndGlobal
